
Microsoft Visual Studio Solution File, Format Version 12.00
# Visual Studio Version 17
VisualStudioVersion = 17.3.32929.385
MinimumVisualStudioVersion = 10.0.40219.1
Project("{9A19103F-16F7-4668-BE54-9A1E7A4F7556}") = "DemoApiNet6", "DemoApiNet6\DemoApiNet6.csproj", "{C2B9ECAC-0270-4BC0-9666-A327968AA7F7}"
EndProject
Global
	GlobalSection(SolutionConfigurationPlatforms) = preSolution
		Debug|Any CPU = Debug|Any CPU
		Release|Any CPU = Release|Any CPU
	EndGlobalSection
	GlobalSection(ProjectConfigurationPlatforms) = postSolution
		{C2B9ECAC-0270-4BC0-9666-A327968AA7F7}.Debug|Any CPU.ActiveCfg = Debug|Any CPU
		{C2B9ECAC-0270-4BC0-9666-A327968AA7F7}.Debug|Any CPU.Build.0 = Debug|Any CPU
		{C2B9ECAC-0270-4BC0-9666-A327968AA7F7}.Release|Any CPU.ActiveCfg = Release|Any CPU
		{C2B9ECAC-0270-4BC0-9666-A327968AA7F7}.Release|Any CPU.Build.0 = Release|Any CPU
	EndGlobalSection
	GlobalSection(SolutionProperties) = preSolution
		HideSolutionNode = FALSE
	EndGlobalSection
	GlobalSection(ExtensibilityGlobals) = postSolution
		SolutionGuid = {299423D1-6617-4E94-902A-9CF8DB880207}
	EndGlobalSection
EndGlobal
